
Microsoft Visual Studio Solution File, Format Version 12.00
# Visual Studio Version 17
VisualStudioVersion = 17.10.35013.160
MinimumVisualStudioVersion = 10.0.40219.1
Project("{FAE04EC0-301F-11D3-BF4B-00C04F79EFBC}") = "SisPlan0401", "SisPlan0401.csproj", "{B3579B8A-6B5F-4A42-810D-D4EBBC1D8B93}"
EndProject
Project("{2150E333-8FDC-42A3-9474-1A3956D46DE8}") = "Solution Items", "Solution Items", "{8C48A526-7A00-4B12-8674-3D3CAD7EC704}"
EndProject
Global
	GlobalSection(SolutionConfigurationPlatforms) = preSolution
		Debug|Any CPU = Debug|Any CPU
		Release|Any CPU = Release|Any CPU
	EndGlobalSection
	GlobalSection(ProjectConfigurationPlatforms) = postSolution
		{B3579B8A-6B5F-4A42-810D-D4EBBC1D8B93}.Debug|Any CPU.ActiveCfg = Debug|Any CPU
		{B3579B8A-6B5F-4A42-810D-D4EBBC1D8B93}.Debug|Any CPU.Build.0 = Debug|Any CPU
		{B3579B8A-6B5F-4A42-810D-D4EBBC1D8B93}.Release|Any CPU.ActiveCfg = Release|Any CPU
		{B3579B8A-6B5F-4A42-810D-D4EBBC1D8B93}.Release|Any CPU.Build.0 = Release|Any CPU
	EndGlobalSection
	GlobalSection(SolutionProperties) = preSolution
		HideSolutionNode = FALSE
	EndGlobalSection
	GlobalSection(ExtensibilityGlobals) = postSolution
		SolutionGuid = {79C048E5-327F-484E-9372-0B7416BC36B1}
	EndGlobalSection
EndGlobal
